
Microsoft Visual Studio Solution File, Format Version 12.00
# Visual Studio Version 16
VisualStudioVersion = 16.0.30011.22
MinimumVisualStudioVersion = 10.0.40219.1
Project("{FAE04EC0-301F-11D3-BF4B-00C04F79EFBC}") = "BFTIndex", "BFTIndex.csproj", "{57BD0AF4-0D4F-4687-AD11-B54F747DB0DD}"
EndProject
Global
	GlobalSection(SolutionConfigurationPlatforms) = preSolution
		Debug|Any CPU = Debug|Any CPU
		Release|Any CPU = Release|Any CPU
	EndGlobalSection
	GlobalSection(ProjectConfigurationPlatforms) = postSolution
		{57BD0AF4-0D4F-4687-AD11-B54F747DB0DD}.Debug|Any CPU.ActiveCfg = Debug|Any CPU
		{57BD0AF4-0D4F-4687-AD11-B54F747DB0DD}.Debug|Any CPU.Build.0 = Debug|Any CPU
		{57BD0AF4-0D4F-4687-AD11-B54F747DB0DD}.Release|Any CPU.ActiveCfg = Release|Any CPU
		{57BD0AF4-0D4F-4687-AD11-B54F747DB0DD}.Release|Any CPU.Build.0 = Release|Any CPU
	EndGlobalSection
	GlobalSection(SolutionProperties) = preSolution
		HideSolutionNode = FALSE
	EndGlobalSection
	GlobalSection(ExtensibilityGlobals) = postSolution
		SolutionGuid = {0B3DE392-659A-472F-B9E1-985CDEAA53EC}
	EndGlobalSection
EndGlobal
