
Microsoft Visual Studio Solution File, Format Version 12.00
# Visual Studio Version 16
VisualStudioVersion = 16.0.30011.22
MinimumVisualStudioVersion = 10.0.40219.1
Project("{FAE04EC0-301F-11D3-BF4B-00C04F79EFBC}") = "Task1_UniqueNumber", "Task1_UniqueNumber.csproj", "{FAF1416F-55D7-47FF-80E1-08ECD1E740F5}"
EndProject
Global
	GlobalSection(SolutionConfigurationPlatforms) = preSolution
		Debug|Any CPU = Debug|Any CPU
		Release|Any CPU = Release|Any CPU
	EndGlobalSection
	GlobalSection(ProjectConfigurationPlatforms) = postSolution
		{FAF1416F-55D7-47FF-80E1-08ECD1E740F5}.Debug|Any CPU.ActiveCfg = Debug|Any CPU
		{FAF1416F-55D7-47FF-80E1-08ECD1E740F5}.Debug|Any CPU.Build.0 = Debug|Any CPU
		{FAF1416F-55D7-47FF-80E1-08ECD1E740F5}.Release|Any CPU.ActiveCfg = Release|Any CPU
		{FAF1416F-55D7-47FF-80E1-08ECD1E740F5}.Release|Any CPU.Build.0 = Release|Any CPU
	EndGlobalSection
	GlobalSection(SolutionProperties) = preSolution
		HideSolutionNode = FALSE
	EndGlobalSection
	GlobalSection(ExtensibilityGlobals) = postSolution
		SolutionGuid = {D016791F-18C0-4584-BEA7-26196DB5AE54}
	EndGlobalSection
EndGlobal
