
Microsoft Visual Studio Solution File, Format Version 12.00
# Visual Studio Version 16
VisualStudioVersion = 16.0.30011.22
MinimumVisualStudioVersion = 10.0.40219.1
Project("{FAE04EC0-301F-11D3-BF4B-00C04F79EFBC}") = "ORM", "ORM.csproj", "{E4CB2F49-2824-4033-8D14-F246F1C2F134}"
EndProject
Global
	GlobalSection(SolutionConfigurationPlatforms) = preSolution
		Debug|Any CPU = Debug|Any CPU
		Release|Any CPU = Release|Any CPU
	EndGlobalSection
	GlobalSection(ProjectConfigurationPlatforms) = postSolution
		{E4CB2F49-2824-4033-8D14-F246F1C2F134}.Debug|Any CPU.ActiveCfg = Debug|Any CPU
		{E4CB2F49-2824-4033-8D14-F246F1C2F134}.Debug|Any CPU.Build.0 = Debug|Any CPU
		{E4CB2F49-2824-4033-8D14-F246F1C2F134}.Release|Any CPU.ActiveCfg = Release|Any CPU
		{E4CB2F49-2824-4033-8D14-F246F1C2F134}.Release|Any CPU.Build.0 = Release|Any CPU
	EndGlobalSection
	GlobalSection(SolutionProperties) = preSolution
		HideSolutionNode = FALSE
	EndGlobalSection
	GlobalSection(ExtensibilityGlobals) = postSolution
		SolutionGuid = {603E58B2-1C7B-4BD8-9B40-2EF9BD620950}
	EndGlobalSection
EndGlobal
