
Microsoft Visual Studio Solution File, Format Version 12.00
# Visual Studio Version 16
VisualStudioVersion = 16.0.31112.23
MinimumVisualStudioVersion = 10.0.40219.1
Project("{FAE04EC0-301F-11D3-BF4B-00C04F79EFBC}") = "Artsofte", "ArtSofte\Artsofte.csproj", "{393B08D1-FF42-4D5B-88AF-395F70C1E494}"
EndProject
Global
	GlobalSection(SolutionConfigurationPlatforms) = preSolution
		Debug|Any CPU = Debug|Any CPU
		Release|Any CPU = Release|Any CPU
	EndGlobalSection
	GlobalSection(ProjectConfigurationPlatforms) = postSolution
		{393B08D1-FF42-4D5B-88AF-395F70C1E494}.Debug|Any CPU.ActiveCfg = Debug|Any CPU
		{393B08D1-FF42-4D5B-88AF-395F70C1E494}.Debug|Any CPU.Build.0 = Debug|Any CPU
		{393B08D1-FF42-4D5B-88AF-395F70C1E494}.Release|Any CPU.ActiveCfg = Release|Any CPU
		{393B08D1-FF42-4D5B-88AF-395F70C1E494}.Release|Any CPU.Build.0 = Release|Any CPU
	EndGlobalSection
	GlobalSection(SolutionProperties) = preSolution
		HideSolutionNode = FALSE
	EndGlobalSection
	GlobalSection(ExtensibilityGlobals) = postSolution
		SolutionGuid = {FCB928AC-18E5-4A0B-87DD-544D30A1FDBB}
	EndGlobalSection
EndGlobal
