
Microsoft Visual Studio Solution File, Format Version 12.00
# Visual Studio Version 16
VisualStudioVersion = 16.0.30907.101
MinimumVisualStudioVersion = 10.0.40219.1
Project("{FAE04EC0-301F-11D3-BF4B-00C04F79EFBC}") = "Fridge", "Fridge.csproj", "{CDCC8D35-7B3A-413E-A976-136F57594AE0}"
EndProject
Global
	GlobalSection(SolutionConfigurationPlatforms) = preSolution
		Debug|Any CPU = Debug|Any CPU
		Release|Any CPU = Release|Any CPU
	EndGlobalSection
	GlobalSection(ProjectConfigurationPlatforms) = postSolution
		{CDCC8D35-7B3A-413E-A976-136F57594AE0}.Debug|Any CPU.ActiveCfg = Debug|Any CPU
		{CDCC8D35-7B3A-413E-A976-136F57594AE0}.Debug|Any CPU.Build.0 = Debug|Any CPU
		{CDCC8D35-7B3A-413E-A976-136F57594AE0}.Release|Any CPU.ActiveCfg = Release|Any CPU
		{CDCC8D35-7B3A-413E-A976-136F57594AE0}.Release|Any CPU.Build.0 = Release|Any CPU
	EndGlobalSection
	GlobalSection(SolutionProperties) = preSolution
		HideSolutionNode = FALSE
	EndGlobalSection
	GlobalSection(ExtensibilityGlobals) = postSolution
		SolutionGuid = {ED36DB24-5B53-407D-A83B-EBA9CBE81A63}
	EndGlobalSection
EndGlobal
