
Microsoft Visual Studio Solution File, Format Version 12.00
# Visual Studio Version 16
VisualStudioVersion = 16.0.29306.81
MinimumVisualStudioVersion = 10.0.40219.1
Project("{FAE04EC0-301F-11D3-BF4B-00C04F79EFBC}") = "ImageParser", "ImageParser.csproj", "{23AB99A4-9687-429F-91B8-F750E9A1B1E8}"
EndProject
Global
	GlobalSection(SolutionConfigurationPlatforms) = preSolution
		Debug|Any CPU = Debug|Any CPU
		Release|Any CPU = Release|Any CPU
	EndGlobalSection
	GlobalSection(ProjectConfigurationPlatforms) = postSolution
		{23AB99A4-9687-429F-91B8-F750E9A1B1E8}.Debug|Any CPU.ActiveCfg = Debug|Any CPU
		{23AB99A4-9687-429F-91B8-F750E9A1B1E8}.Debug|Any CPU.Build.0 = Debug|Any CPU
		{23AB99A4-9687-429F-91B8-F750E9A1B1E8}.Release|Any CPU.ActiveCfg = Release|Any CPU
		{23AB99A4-9687-429F-91B8-F750E9A1B1E8}.Release|Any CPU.Build.0 = Release|Any CPU
	EndGlobalSection
	GlobalSection(SolutionProperties) = preSolution
		HideSolutionNode = FALSE
	EndGlobalSection
	GlobalSection(ExtensibilityGlobals) = postSolution
		SolutionGuid = {4B8CA596-DECB-468E-8F6C-C9086CE54BF4}
	EndGlobalSection
EndGlobal
