
Microsoft Visual Studio Solution File, Format Version 12.00
# Visual Studio Version 16
VisualStudioVersion = 16.0.31112.23
MinimumVisualStudioVersion = 10.0.40219.1
Project("{FAE04EC0-301F-11D3-BF4B-00C04F79EFBC}") = "NaumenCSharp", "NaumenCSharp\NaumenCSharp.csproj", "{ECC6E9DE-1ACF-41E2-8C2A-20D3F86436AA}"
EndProject
Global
	GlobalSection(SolutionConfigurationPlatforms) = preSolution
		Debug|Any CPU = Debug|Any CPU
		Release|Any CPU = Release|Any CPU
	EndGlobalSection
	GlobalSection(ProjectConfigurationPlatforms) = postSolution
		{ECC6E9DE-1ACF-41E2-8C2A-20D3F86436AA}.Debug|Any CPU.ActiveCfg = Debug|Any CPU
		{ECC6E9DE-1ACF-41E2-8C2A-20D3F86436AA}.Debug|Any CPU.Build.0 = Debug|Any CPU
		{ECC6E9DE-1ACF-41E2-8C2A-20D3F86436AA}.Release|Any CPU.ActiveCfg = Release|Any CPU
		{ECC6E9DE-1ACF-41E2-8C2A-20D3F86436AA}.Release|Any CPU.Build.0 = Release|Any CPU
	EndGlobalSection
	GlobalSection(SolutionProperties) = preSolution
		HideSolutionNode = FALSE
	EndGlobalSection
	GlobalSection(ExtensibilityGlobals) = postSolution
		SolutionGuid = {EA62C578-1B5F-471C-9473-39188E379466}
	EndGlobalSection
EndGlobal
