
Microsoft Visual Studio Solution File, Format Version 12.00
# Visual Studio Version 16
VisualStudioVersion = 16.0.31112.23
MinimumVisualStudioVersion = 10.0.40219.1
Project("{FAE04EC0-301F-11D3-BF4B-00C04F79EFBC}") = "UdvTest", "UdvTest\UdvTest.csproj", "{17BB0DE7-E489-4221-9717-46FF1BD86339}"
EndProject
Global
	GlobalSection(SolutionConfigurationPlatforms) = preSolution
		Debug|Any CPU = Debug|Any CPU
		Release|Any CPU = Release|Any CPU
	EndGlobalSection
	GlobalSection(ProjectConfigurationPlatforms) = postSolution
		{17BB0DE7-E489-4221-9717-46FF1BD86339}.Debug|Any CPU.ActiveCfg = Debug|Any CPU
		{17BB0DE7-E489-4221-9717-46FF1BD86339}.Debug|Any CPU.Build.0 = Debug|Any CPU
		{17BB0DE7-E489-4221-9717-46FF1BD86339}.Release|Any CPU.ActiveCfg = Release|Any CPU
		{17BB0DE7-E489-4221-9717-46FF1BD86339}.Release|Any CPU.Build.0 = Release|Any CPU
	EndGlobalSection
	GlobalSection(SolutionProperties) = preSolution
		HideSolutionNode = FALSE
	EndGlobalSection
	GlobalSection(ExtensibilityGlobals) = postSolution
		SolutionGuid = {DCA289BB-0114-4DD9-A32D-A7952876BA12}
	EndGlobalSection
EndGlobal
