
Microsoft Visual Studio Solution File, Format Version 12.00
# Visual Studio Version 16
VisualStudioVersion = 16.0.29519.181
MinimumVisualStudioVersion = 10.0.40219.1
Project("{FAE04EC0-301F-11D3-BF4B-00C04F79EFBC}") = "Refactoring", "Refactoring.csproj", "{CAD9DF76-92F4-4161-93D1-51C7D45D6793}"
EndProject
Project("{2150E333-8FDC-42A3-9474-1A3956D46DE8}") = "Solution Items", "Solution Items", "{D4C298F5-2863-451E-B238-C9FA66F44F10}"
	ProjectSection(SolutionItems) = preProject
		.editorconfig = .editorconfig
	EndProjectSection
EndProject
Global
	GlobalSection(SolutionConfigurationPlatforms) = preSolution
		Debug|Any CPU = Debug|Any CPU
		Release|Any CPU = Release|Any CPU
	EndGlobalSection
	GlobalSection(ProjectConfigurationPlatforms) = postSolution
		{CAD9DF76-92F4-4161-93D1-51C7D45D6793}.Debug|Any CPU.ActiveCfg = Debug|Any CPU
		{CAD9DF76-92F4-4161-93D1-51C7D45D6793}.Debug|Any CPU.Build.0 = Debug|Any CPU
		{CAD9DF76-92F4-4161-93D1-51C7D45D6793}.Release|Any CPU.ActiveCfg = Release|Any CPU
		{CAD9DF76-92F4-4161-93D1-51C7D45D6793}.Release|Any CPU.Build.0 = Release|Any CPU
	EndGlobalSection
	GlobalSection(SolutionProperties) = preSolution
		HideSolutionNode = FALSE
	EndGlobalSection
	GlobalSection(ExtensibilityGlobals) = postSolution
		SolutionGuid = {00930547-6363-45D8-A097-79AA07E0804C}
	EndGlobalSection
EndGlobal
